
Microsoft Visual Studio Solution File, Format Version 12.00
# Visual Studio 15
VisualStudioVersion = 15.0.28307.489
MinimumVisualStudioVersion = 10.0.40219.1
Project("{FAE04EC0-301F-11D3-BF4B-00C04F79EFBC}") = "AudioSplit", "AudioSplit.csproj", "{4DBB9171-A7F9-490B-AC1B-3E03F515AF12}"
EndProject
Global
	GlobalSection(SolutionConfigurationPlatforms) = preSolution
		Debug|Any CPU = Debug|Any CPU
		Release|Any CPU = Release|Any CPU
	EndGlobalSection
	GlobalSection(ProjectConfigurationPlatforms) = postSolution
		{4DBB9171-A7F9-490B-AC1B-3E03F515AF12}.Debug|Any CPU.ActiveCfg = Debug|Any CPU
		{4DBB9171-A7F9-490B-AC1B-3E03F515AF12}.Debug|Any CPU.Build.0 = Debug|Any CPU
		{4DBB9171-A7F9-490B-AC1B-3E03F515AF12}.Release|Any CPU.ActiveCfg = Release|Any CPU
		{4DBB9171-A7F9-490B-AC1B-3E03F515AF12}.Release|Any CPU.Build.0 = Release|Any CPU
	EndGlobalSection
	GlobalSection(SolutionProperties) = preSolution
		HideSolutionNode = FALSE
	EndGlobalSection
	GlobalSection(ExtensibilityGlobals) = postSolution
		SolutionGuid = {7184C9EC-D3EA-4F87-8EC6-E358A998B0EA}
	EndGlobalSection
EndGlobal
